
Microsoft Visual Studio Solution File, Format Version 12.00
# Visual Studio Version 16
VisualStudioVersion = 16.0.28803.202
MinimumVisualStudioVersion = 10.0.40219.1
Project("{FAE04EC0-301F-11D3-BF4B-00C04F79EFBC}") = "MI138_GroupProject", "MI138_GroupProject\MI138_GroupProject.csproj", "{FB509CBC-C091-49EF-AB3B-EA61B3377A42}"
EndProject
Project("{FAE04EC0-301F-11D3-BF4B-00C04F79EFBC}") = "MI138_GroupProject.Tests", "MI138_GroupProject.Tests\MI138_GroupProject.Tests.csproj", "{8AB2B72C-DE19-4E38-94E2-97F82E28D4D9}"
EndProject
Project("{9A19103F-16F7-4668-BE54-9A1E7A4F7556}") = "GameCompany", "WebApplication1\GameCompany.csproj", "{B2AEA9BF-7428-48CD-88D7-C3B7ECF8B4ED}"
EndProject
Project("{FAE04EC0-301F-11D3-BF4B-00C04F79EFBC}") = "GameShop", "GameShop\GameShop.csproj", "{3E33EBB4-CC16-445C-93AD-E7D3ED708A6E}"
EndProject
Global
	GlobalSection(SolutionConfigurationPlatforms) = preSolution
		Debug|Any CPU = Debug|Any CPU
		Release|Any CPU = Release|Any CPU
	EndGlobalSection
	GlobalSection(ProjectConfigurationPlatforms) = postSolution
		{FB509CBC-C091-49EF-AB3B-EA61B3377A42}.Debug|Any CPU.ActiveCfg = Debug|Any CPU
		{FB509CBC-C091-49EF-AB3B-EA61B3377A42}.Debug|Any CPU.Build.0 = Debug|Any CPU
		{FB509CBC-C091-49EF-AB3B-EA61B3377A42}.Release|Any CPU.ActiveCfg = Release|Any CPU
		{FB509CBC-C091-49EF-AB3B-EA61B3377A42}.Release|Any CPU.Build.0 = Release|Any CPU
		{8AB2B72C-DE19-4E38-94E2-97F82E28D4D9}.Debug|Any CPU.ActiveCfg = Debug|Any CPU
		{8AB2B72C-DE19-4E38-94E2-97F82E28D4D9}.Debug|Any CPU.Build.0 = Debug|Any CPU
		{8AB2B72C-DE19-4E38-94E2-97F82E28D4D9}.Release|Any CPU.ActiveCfg = Release|Any CPU
		{8AB2B72C-DE19-4E38-94E2-97F82E28D4D9}.Release|Any CPU.Build.0 = Release|Any CPU
		{B2AEA9BF-7428-48CD-88D7-C3B7ECF8B4ED}.Debug|Any CPU.ActiveCfg = Debug|Any CPU
		{B2AEA9BF-7428-48CD-88D7-C3B7ECF8B4ED}.Debug|Any CPU.Build.0 = Debug|Any CPU
		{B2AEA9BF-7428-48CD-88D7-C3B7ECF8B4ED}.Release|Any CPU.ActiveCfg = Release|Any CPU
		{B2AEA9BF-7428-48CD-88D7-C3B7ECF8B4ED}.Release|Any CPU.Build.0 = Release|Any CPU
		{3E33EBB4-CC16-445C-93AD-E7D3ED708A6E}.Debug|Any CPU.ActiveCfg = Debug|Any CPU
		{3E33EBB4-CC16-445C-93AD-E7D3ED708A6E}.Debug|Any CPU.Build.0 = Debug|Any CPU
		{3E33EBB4-CC16-445C-93AD-E7D3ED708A6E}.Release|Any CPU.ActiveCfg = Release|Any CPU
		{3E33EBB4-CC16-445C-93AD-E7D3ED708A6E}.Release|Any CPU.Build.0 = Release|Any CPU
	EndGlobalSection
	GlobalSection(SolutionProperties) = preSolution
		HideSolutionNode = FALSE
	EndGlobalSection
	GlobalSection(ExtensibilityGlobals) = postSolution
		SolutionGuid = {9F13DE77-9279-4386-8E3D-BBF618CE13CD}
	EndGlobalSection
EndGlobal
